
Microsoft Visual Studio Solution File, Format Version 12.00
# Visual Studio Version 16
VisualStudioVersion = 16.0.28729.10
MinimumVisualStudioVersion = 10.0.40219.1
Project("{FAE04EC0-301F-11D3-BF4B-00C04F79EFBC}") = "ChiroAPI", "ChiroAPI\ChiroAPI.csproj", "{B6B13514-EB93-40EB-B8AA-73837E891277}"
EndProject
Global
	GlobalSection(SolutionConfigurationPlatforms) = preSolution
		Debug|Any CPU = Debug|Any CPU
		Release|Any CPU = Release|Any CPU
	EndGlobalSection
	GlobalSection(ProjectConfigurationPlatforms) = postSolution
		{B6B13514-EB93-40EB-B8AA-73837E891277}.Debug|Any CPU.ActiveCfg = Debug|Any CPU
		{B6B13514-EB93-40EB-B8AA-73837E891277}.Debug|Any CPU.Build.0 = Debug|Any CPU
		{B6B13514-EB93-40EB-B8AA-73837E891277}.Release|Any CPU.ActiveCfg = Release|Any CPU
		{B6B13514-EB93-40EB-B8AA-73837E891277}.Release|Any CPU.Build.0 = Release|Any CPU
	EndGlobalSection
	GlobalSection(SolutionProperties) = preSolution
		HideSolutionNode = FALSE
	EndGlobalSection
	GlobalSection(ExtensibilityGlobals) = postSolution
		SolutionGuid = {BA99B385-37E5-41C5-AC28-321A87815AA6}
	EndGlobalSection
EndGlobal
